
Microsoft Visual Studio Solution File, Format Version 12.00
# Visual Studio 15
VisualStudioVersion = 15.0.28010.2046
MinimumVisualStudioVersion = 10.0.40219.1
Project("{FAE04EC0-301F-11D3-BF4B-00C04F79EFBC}") = "SubmitOrders", "SubmitOrders\SubmitOrders.csproj", "{BDD73221-8666-4CD6-BFDC-FC0C774744BB}"
EndProject
Project("{FAE04EC0-301F-11D3-BF4B-00C04F79EFBC}") = "BasicDictionaryOps", "BasicDictionaryOps\BasicDictionaryOps.csproj", "{32D5A2C3-2F27-4E6C-BCAE-3DA51E9D9B23}"
EndProject
Project("{FAE04EC0-301F-11D3-BF4B-00C04F79EFBC}") = "BuyAndSell", "BuyAndSell\BuyAndSell.csproj", "{27F37A4A-536C-4847-BC6A-48E0F525D31E}"
EndProject
Project("{FAE04EC0-301F-11D3-BF4B-00C04F79EFBC}") = "ConcurrentQueueDemo", "ConcurrentQueueDemo\ConcurrentQueueDemo.csproj", "{C4933CFA-7740-4737-8DB6-FDE79AAB0D34}"
EndProject
Project("{FAE04EC0-301F-11D3-BF4B-00C04F79EFBC}") = "SalesBonuses", "SalesController\SalesBonuses.csproj", "{2ECFD28C-D6E7-475C-A7EA-A5EB2ACFEE5E}"
EndProject
Project("{FAE04EC0-301F-11D3-BF4B-00C04F79EFBC}") = "DictionaryPerformance", "DictionaryPerformance\DictionaryPerformance.csproj", "{A19CA375-FDDC-4973-86C5-BA1A89E8F70F}"
EndProject
Global
	GlobalSection(SolutionConfigurationPlatforms) = preSolution
		Debug|Any CPU = Debug|Any CPU
		Release|Any CPU = Release|Any CPU
	EndGlobalSection
	GlobalSection(ProjectConfigurationPlatforms) = postSolution
		{BDD73221-8666-4CD6-BFDC-FC0C774744BB}.Debug|Any CPU.ActiveCfg = Debug|Any CPU
		{BDD73221-8666-4CD6-BFDC-FC0C774744BB}.Debug|Any CPU.Build.0 = Debug|Any CPU
		{BDD73221-8666-4CD6-BFDC-FC0C774744BB}.Release|Any CPU.ActiveCfg = Release|Any CPU
		{BDD73221-8666-4CD6-BFDC-FC0C774744BB}.Release|Any CPU.Build.0 = Release|Any CPU
		{32D5A2C3-2F27-4E6C-BCAE-3DA51E9D9B23}.Debug|Any CPU.ActiveCfg = Debug|Any CPU
		{32D5A2C3-2F27-4E6C-BCAE-3DA51E9D9B23}.Debug|Any CPU.Build.0 = Debug|Any CPU
		{32D5A2C3-2F27-4E6C-BCAE-3DA51E9D9B23}.Release|Any CPU.ActiveCfg = Release|Any CPU
		{32D5A2C3-2F27-4E6C-BCAE-3DA51E9D9B23}.Release|Any CPU.Build.0 = Release|Any CPU
		{27F37A4A-536C-4847-BC6A-48E0F525D31E}.Debug|Any CPU.ActiveCfg = Debug|Any CPU
		{27F37A4A-536C-4847-BC6A-48E0F525D31E}.Debug|Any CPU.Build.0 = Debug|Any CPU
		{27F37A4A-536C-4847-BC6A-48E0F525D31E}.Release|Any CPU.ActiveCfg = Release|Any CPU
		{27F37A4A-536C-4847-BC6A-48E0F525D31E}.Release|Any CPU.Build.0 = Release|Any CPU
		{C4933CFA-7740-4737-8DB6-FDE79AAB0D34}.Debug|Any CPU.ActiveCfg = Debug|Any CPU
		{C4933CFA-7740-4737-8DB6-FDE79AAB0D34}.Debug|Any CPU.Build.0 = Debug|Any CPU
		{C4933CFA-7740-4737-8DB6-FDE79AAB0D34}.Release|Any CPU.ActiveCfg = Release|Any CPU
		{C4933CFA-7740-4737-8DB6-FDE79AAB0D34}.Release|Any CPU.Build.0 = Release|Any CPU
		{2ECFD28C-D6E7-475C-A7EA-A5EB2ACFEE5E}.Debug|Any CPU.ActiveCfg = Debug|Any CPU
		{2ECFD28C-D6E7-475C-A7EA-A5EB2ACFEE5E}.Debug|Any CPU.Build.0 = Debug|Any CPU
		{2ECFD28C-D6E7-475C-A7EA-A5EB2ACFEE5E}.Release|Any CPU.ActiveCfg = Release|Any CPU
		{2ECFD28C-D6E7-475C-A7EA-A5EB2ACFEE5E}.Release|Any CPU.Build.0 = Release|Any CPU
		{A19CA375-FDDC-4973-86C5-BA1A89E8F70F}.Debug|Any CPU.ActiveCfg = Debug|Any CPU
		{A19CA375-FDDC-4973-86C5-BA1A89E8F70F}.Debug|Any CPU.Build.0 = Debug|Any CPU
		{A19CA375-FDDC-4973-86C5-BA1A89E8F70F}.Release|Any CPU.ActiveCfg = Release|Any CPU
		{A19CA375-FDDC-4973-86C5-BA1A89E8F70F}.Release|Any CPU.Build.0 = Release|Any CPU
	EndGlobalSection
	GlobalSection(SolutionProperties) = preSolution
		HideSolutionNode = FALSE
	EndGlobalSection
	GlobalSection(ExtensibilityGlobals) = postSolution
		SolutionGuid = {4D9AEBAE-D2C0-4506-89A0-AB337860B260}
	EndGlobalSection
EndGlobal
